// !$*UTF8*$!
{
	archiveVersion = 1;
	classes = {
	};
	objectVersion = 52;
	objects = {

/* Begin PBXBuildFile section */
		E62A83FB24F3DBCA00449087 /* RouteTests.swift in Sources */ = {isa = PBXBuildFile; fileRef = E62A83FA24F3DBCA00449087 /* RouteTests.swift */; };
		E62A83FE24F5349400449087 /* Repository.swift in Sources */ = {isa = PBXBuildFile; fileRef = E62A83FD24F5349400449087 /* Repository.swift */; };
		E62A840024F535EC00449087 /* IconRepository.swift in Sources */ = {isa = PBXBuildFile; fileRef = E62A83FF24F535EC00449087 /* IconRepository.swift */; };
		E62A840324F537D300449087 /* PlistManager.swift in Sources */ = {isa = PBXBuildFile; fileRef = E62A840224F537D300449087 /* PlistManager.swift */; };
		E62A840524F53F8500449087 /* IconViewModel.swift in Sources */ = {isa = PBXBuildFile; fileRef = E62A840424F53F8500449087 /* IconViewModel.swift */; };
		E62A840724F54D0700449087 /* UIButtonBackground.swift in Sources */ = {isa = PBXBuildFile; fileRef = E62A840624F54D0700449087 /* UIButtonBackground.swift */; };
		E62EA57424F21F4800A33C00 /* NewYorkLarge-Medium.otf in Resources */ = {isa = PBXBuildFile; fileRef = E62EA57324F21F4800A33C00 /* NewYorkLarge-Medium.otf */; };
		E62EA57724F221B600A33C00 /* NewYorkLarge-Semibold.otf in Resources */ = {isa = PBXBuildFile; fileRef = E62EA57624F221B600A33C00 /* NewYorkLarge-Semibold.otf */; };
		E684046724E6B65100AA33A0 /* AppDelegate.swift in Sources */ = {isa = PBXBuildFile; fileRef = E684046624E6B65100AA33A0 /* AppDelegate.swift */; };
		E684046924E6B65100AA33A0 /* SceneDelegate.swift in Sources */ = {isa = PBXBuildFile; fileRef = E684046824E6B65100AA33A0 /* SceneDelegate.swift */; };
		E684047024E6B65300AA33A0 /* Assets.xcassets in Resources */ = {isa = PBXBuildFile; fileRef = E684046F24E6B65300AA33A0 /* Assets.xcassets */; };
		E684049C24E6B81000AA33A0 /* TabBarViewController.swift in Sources */ = {isa = PBXBuildFile; fileRef = E684049B24E6B81000AA33A0 /* TabBarViewController.swift */; };
		E684049E24E6B82500AA33A0 /* CollectionsViewController.swift in Sources */ = {isa = PBXBuildFile; fileRef = E684049D24E6B82500AA33A0 /* CollectionsViewController.swift */; };
		E68404A024E6B84000AA33A0 /* CategoriesViewController.swift in Sources */ = {isa = PBXBuildFile; fileRef = E684049F24E6B84000AA33A0 /* CategoriesViewController.swift */; };
		E68404A224E6B8DE00AA33A0 /* LaunchScreen.storyboard in Resources */ = {isa = PBXBuildFile; fileRef = E68404A124E6B8DE00AA33A0 /* LaunchScreen.storyboard */; };
		E68404A424E6CB1500AA33A0 /* UIColor.swift in Sources */ = {isa = PBXBuildFile; fileRef = E68404A324E6CB1500AA33A0 /* UIColor.swift */; };
		E68404A824E6DC1B00AA33A0 /* CollectionsCell.swift in Sources */ = {isa = PBXBuildFile; fileRef = E68404A724E6DC1B00AA33A0 /* CollectionsCell.swift */; };
		E68404EA24EAABE100AA33A0 /* CategoriesTableViewCell.swift in Sources */ = {isa = PBXBuildFile; fileRef = E68404E924EAABE100AA33A0 /* CategoriesTableViewCell.swift */; };
		E68404EC24EABED500AA33A0 /* TableViewAutoLayout.swift in Sources */ = {isa = PBXBuildFile; fileRef = E68404EB24EABED500AA33A0 /* TableViewAutoLayout.swift */; };
		E68404EE24EAC60E00AA33A0 /* SearchDelegate.swift in Sources */ = {isa = PBXBuildFile; fileRef = E68404ED24EAC60E00AA33A0 /* SearchDelegate.swift */; };
		E68404F024EAC85B00AA33A0 /* SearchCollectionViewController.swift in Sources */ = {isa = PBXBuildFile; fileRef = E68404EF24EAC85B00AA33A0 /* SearchCollectionViewController.swift */; };
		E68404F324EACB5A00AA33A0 /* SearchCollectionViewCell.swift in Sources */ = {isa = PBXBuildFile; fileRef = E68404F224EACB5A00AA33A0 /* SearchCollectionViewCell.swift */; };
		E68404F524EACD5100AA33A0 /* DescriptionViewController.swift in Sources */ = {isa = PBXBuildFile; fileRef = E68404F424EACD5100AA33A0 /* DescriptionViewController.swift */; };
		E68404FA24EAD4DE00AA33A0 /* DescriptionView.swift in Sources */ = {isa = PBXBuildFile; fileRef = E68404F924EAD4DE00AA33A0 /* DescriptionView.swift */; };
		E68404FC24EBF48600AA33A0 /* IconCollections.swift in Sources */ = {isa = PBXBuildFile; fileRef = E68404FB24EBF48600AA33A0 /* IconCollections.swift */; };
		E68404FF24EBFE4F00AA33A0 /* Router.swift in Sources */ = {isa = PBXBuildFile; fileRef = E68404FE24EBFE4F00AA33A0 /* Router.swift */; };
		E684050224EC024A00AA33A0 /* OAuthSwift in Frameworks */ = {isa = PBXBuildFile; productRef = E684050124EC024A00AA33A0 /* OAuthSwift */; };
		E684050724ED4F3900AA33A0 /* .swiftlint.yml in Resources */ = {isa = PBXBuildFile; fileRef = E684050624ED4F3900AA33A0 /* .swiftlint.yml */; };
		E684050924ED6C5C00AA33A0 /* Service.swift in Sources */ = {isa = PBXBuildFile; fileRef = E684050824ED6C5C00AA33A0 /* Service.swift */; };
		E684050B24EDEB7D00AA33A0 /* ImageViewDownload.swift in Sources */ = {isa = PBXBuildFile; fileRef = E684050A24EDEB7D00AA33A0 /* ImageViewDownload.swift */; };
		E684050D24EE042200AA33A0 /* AutoLayout.swift in Sources */ = {isa = PBXBuildFile; fileRef = E684050C24EE042200AA33A0 /* AutoLayout.swift */; };
		E6C5703F24F1B105007D37F6 /* TheIconUITests.swift in Sources */ = {isa = PBXBuildFile; fileRef = E6C5703E24F1B105007D37F6 /* TheIconUITests.swift */; };
		E6C5704724F1B36C007D37F6 /* ListOfIconsViewController.swift in Sources */ = {isa = PBXBuildFile; fileRef = E6C5704624F1B36C007D37F6 /* ListOfIconsViewController.swift */; };
		E6C5704924F1B467007D37F6 /* ListCollectionViewCell.swift in Sources */ = {isa = PBXBuildFile; fileRef = E6C5704824F1B467007D37F6 /* ListCollectionViewCell.swift */; };
		E6C5705124F1BBF6007D37F6 /* TheIconTests.swift in Sources */ = {isa = PBXBuildFile; fileRef = E6C5705024F1BBF6007D37F6 /* TheIconTests.swift */; };
		E6C5705924F1DB4C007D37F6 /* OnBoardingView.swift in Sources */ = {isa = PBXBuildFile; fileRef = E6C5705824F1DB4C007D37F6 /* OnBoardingView.swift */; };
		E6C5705B24F1DB95007D37F6 /* OnBoardingViewController.swift in Sources */ = {isa = PBXBuildFile; fileRef = E6C5705A24F1DB95007D37F6 /* OnBoardingViewController.swift */; };
		E6C5705E24F1DE9B007D37F6 /* OnBoardingStatus.swift in Sources */ = {isa = PBXBuildFile; fileRef = E6C5705D24F1DE9B007D37F6 /* OnBoardingStatus.swift */; };
/* End PBXBuildFile section */

/* Begin PBXContainerItemProxy section */
		E6C5704124F1B105007D37F6 /* PBXContainerItemProxy */ = {
			isa = PBXContainerItemProxy;
			containerPortal = E684045B24E6B65100AA33A0 /* Project object */;
			proxyType = 1;
			remoteGlobalIDString = E684046224E6B65100AA33A0;
			remoteInfo = TheIcon;
		};
		E6C5705324F1BBF6007D37F6 /* PBXContainerItemProxy */ = {
			isa = PBXContainerItemProxy;
			containerPortal = E684045B24E6B65100AA33A0 /* Project object */;
			proxyType = 1;
			remoteGlobalIDString = E684046224E6B65100AA33A0;
			remoteInfo = TheIcon;
		};
/* End PBXContainerItemProxy section */

/* Begin PBXFileReference section */
		E62A83FA24F3DBCA00449087 /* RouteTests.swift */ = {isa = PBXFileReference; lastKnownFileType = sourcecode.swift; path = RouteTests.swift; sourceTree = "<group>"; };
		E62A83FD24F5349400449087 /* Repository.swift */ = {isa = PBXFileReference; lastKnownFileType = sourcecode.swift; path = Repository.swift; sourceTree = "<group>"; };
		E62A83FF24F535EC00449087 /* IconRepository.swift */ = {isa = PBXFileReference; lastKnownFileType = sourcecode.swift; path = IconRepository.swift; sourceTree = "<group>"; };
		E62A840224F537D300449087 /* PlistManager.swift */ = {isa = PBXFileReference; lastKnownFileType = sourcecode.swift; path = PlistManager.swift; sourceTree = "<group>"; };
		E62A840424F53F8500449087 /* IconViewModel.swift */ = {isa = PBXFileReference; lastKnownFileType = sourcecode.swift; path = IconViewModel.swift; sourceTree = "<group>"; };
		E62A840624F54D0700449087 /* UIButtonBackground.swift */ = {isa = PBXFileReference; lastKnownFileType = sourcecode.swift; path = UIButtonBackground.swift; sourceTree = "<group>"; };
		E62EA57324F21F4800A33C00 /* NewYorkLarge-Medium.otf */ = {isa = PBXFileReference; lastKnownFileType = file; name = "NewYorkLarge-Medium.otf"; path = "../../../../../../../Library/Fonts/NewYorkLarge-Medium.otf"; sourceTree = "<group>"; };
		E62EA57624F221B600A33C00 /* NewYorkLarge-Semibold.otf */ = {isa = PBXFileReference; lastKnownFileType = file; name = "NewYorkLarge-Semibold.otf"; path = "../../../../../../../Library/Fonts/NewYorkLarge-Semibold.otf"; sourceTree = "<group>"; };
		E684046324E6B65100AA33A0 /* TheIcon.app */ = {isa = PBXFileReference; explicitFileType = wrapper.application; includeInIndex = 0; path = TheIcon.app; sourceTree = BUILT_PRODUCTS_DIR; };
		E684046624E6B65100AA33A0 /* AppDelegate.swift */ = {isa = PBXFileReference; lastKnownFileType = sourcecode.swift; name = AppDelegate.swift; path = ../AppDelegate.swift; sourceTree = "<group>"; };
		E684046824E6B65100AA33A0 /* SceneDelegate.swift */ = {isa = PBXFileReference; lastKnownFileType = sourcecode.swift; name = SceneDelegate.swift; path = ../SceneDelegate.swift; sourceTree = "<group>"; };
		E684046F24E6B65300AA33A0 /* Assets.xcassets */ = {isa = PBXFileReference; lastKnownFileType = folder.assetcatalog; path = Assets.xcassets; sourceTree = "<group>"; };
		E684047424E6B65300AA33A0 /* Info.plist */ = {isa = PBXFileReference; lastKnownFileType = text.plist.xml; path = Info.plist; sourceTree = "<group>"; };
		E684049B24E6B81000AA33A0 /* TabBarViewController.swift */ = {isa = PBXFileReference; lastKnownFileType = sourcecode.swift; path = TabBarViewController.swift; sourceTree = "<group>"; };
		E684049D24E6B82500AA33A0 /* CollectionsViewController.swift */ = {isa = PBXFileReference; lastKnownFileType = sourcecode.swift; path = CollectionsViewController.swift; sourceTree = "<group>"; };
		E684049F24E6B84000AA33A0 /* CategoriesViewController.swift */ = {isa = PBXFileReference; lastKnownFileType = sourcecode.swift; path = CategoriesViewController.swift; sourceTree = "<group>"; };
		E68404A124E6B8DE00AA33A0 /* LaunchScreen.storyboard */ = {isa = PBXFileReference; lastKnownFileType = file.storyboard; path = LaunchScreen.storyboard; sourceTree = "<group>"; };
		E68404A324E6CB1500AA33A0 /* UIColor.swift */ = {isa = PBXFileReference; lastKnownFileType = sourcecode.swift; path = UIColor.swift; sourceTree = "<group>"; };
		E68404A724E6DC1B00AA33A0 /* CollectionsCell.swift */ = {isa = PBXFileReference; lastKnownFileType = sourcecode.swift; path = CollectionsCell.swift; sourceTree = "<group>"; };
		E68404E924EAABE100AA33A0 /* CategoriesTableViewCell.swift */ = {isa = PBXFileReference; lastKnownFileType = sourcecode.swift; path = CategoriesTableViewCell.swift; sourceTree = "<group>"; };
		E68404EB24EABED500AA33A0 /* TableViewAutoLayout.swift */ = {isa = PBXFileReference; lastKnownFileType = sourcecode.swift; path = TableViewAutoLayout.swift; sourceTree = "<group>"; };
		E68404ED24EAC60E00AA33A0 /* SearchDelegate.swift */ = {isa = PBXFileReference; lastKnownFileType = sourcecode.swift; path = SearchDelegate.swift; sourceTree = "<group>"; };
		E68404EF24EAC85B00AA33A0 /* SearchCollectionViewController.swift */ = {isa = PBXFileReference; lastKnownFileType = sourcecode.swift; path = SearchCollectionViewController.swift; sourceTree = "<group>"; };
		E68404F224EACB5A00AA33A0 /* SearchCollectionViewCell.swift */ = {isa = PBXFileReference; lastKnownFileType = sourcecode.swift; path = SearchCollectionViewCell.swift; sourceTree = "<group>"; };
		E68404F424EACD5100AA33A0 /* DescriptionViewController.swift */ = {isa = PBXFileReference; lastKnownFileType = sourcecode.swift; path = DescriptionViewController.swift; sourceTree = "<group>"; };
		E68404F924EAD4DE00AA33A0 /* DescriptionView.swift */ = {isa = PBXFileReference; lastKnownFileType = sourcecode.swift; path = DescriptionView.swift; sourceTree = "<group>"; };
		E68404FB24EBF48600AA33A0 /* IconCollections.swift */ = {isa = PBXFileReference; lastKnownFileType = sourcecode.swift; path = IconCollections.swift; sourceTree = "<group>"; };
		E68404FE24EBFE4F00AA33A0 /* Router.swift */ = {isa = PBXFileReference; lastKnownFileType = sourcecode.swift; path = Router.swift; sourceTree = "<group>"; };
		E684050624ED4F3900AA33A0 /* .swiftlint.yml */ = {isa = PBXFileReference; lastKnownFileType = text.yaml; path = .swiftlint.yml; sourceTree = "<group>"; };
		E684050824ED6C5C00AA33A0 /* Service.swift */ = {isa = PBXFileReference; lastKnownFileType = sourcecode.swift; path = Service.swift; sourceTree = "<group>"; };
		E684050A24EDEB7D00AA33A0 /* ImageViewDownload.swift */ = {isa = PBXFileReference; lastKnownFileType = sourcecode.swift; path = ImageViewDownload.swift; sourceTree = "<group>"; };
		E684050C24EE042200AA33A0 /* AutoLayout.swift */ = {isa = PBXFileReference; lastKnownFileType = sourcecode.swift; path = AutoLayout.swift; sourceTree = "<group>"; };
		E6C5703C24F1B105007D37F6 /* TheIconUITests.xctest */ = {isa = PBXFileReference; explicitFileType = wrapper.cfbundle; includeInIndex = 0; path = TheIconUITests.xctest; sourceTree = BUILT_PRODUCTS_DIR; };
		E6C5703E24F1B105007D37F6 /* TheIconUITests.swift */ = {isa = PBXFileReference; lastKnownFileType = sourcecode.swift; path = TheIconUITests.swift; sourceTree = "<group>"; };
		E6C5704024F1B105007D37F6 /* Info.plist */ = {isa = PBXFileReference; lastKnownFileType = text.plist.xml; path = Info.plist; sourceTree = "<group>"; };
		E6C5704624F1B36C007D37F6 /* ListOfIconsViewController.swift */ = {isa = PBXFileReference; lastKnownFileType = sourcecode.swift; path = ListOfIconsViewController.swift; sourceTree = "<group>"; };
		E6C5704824F1B467007D37F6 /* ListCollectionViewCell.swift */ = {isa = PBXFileReference; lastKnownFileType = sourcecode.swift; path = ListCollectionViewCell.swift; sourceTree = "<group>"; };
		E6C5704E24F1BBF6007D37F6 /* TheIconTests.xctest */ = {isa = PBXFileReference; explicitFileType = wrapper.cfbundle; includeInIndex = 0; path = TheIconTests.xctest; sourceTree = BUILT_PRODUCTS_DIR; };
		E6C5705024F1BBF6007D37F6 /* TheIconTests.swift */ = {isa = PBXFileReference; lastKnownFileType = sourcecode.swift; path = TheIconTests.swift; sourceTree = "<group>"; };
		E6C5705224F1BBF6007D37F6 /* Info.plist */ = {isa = PBXFileReference; lastKnownFileType = text.plist.xml; path = Info.plist; sourceTree = "<group>"; };
		E6C5705824F1DB4C007D37F6 /* OnBoardingView.swift */ = {isa = PBXFileReference; lastKnownFileType = sourcecode.swift; path = OnBoardingView.swift; sourceTree = "<group>"; };
		E6C5705A24F1DB95007D37F6 /* OnBoardingViewController.swift */ = {isa = PBXFileReference; lastKnownFileType = sourcecode.swift; path = OnBoardingViewController.swift; sourceTree = "<group>"; };
		E6C5705D24F1DE9B007D37F6 /* OnBoardingStatus.swift */ = {isa = PBXFileReference; lastKnownFileType = sourcecode.swift; path = OnBoardingStatus.swift; sourceTree = "<group>"; };
/* End PBXFileReference section */

/* Begin PBXFrameworksBuildPhase section */
		E684046024E6B65100AA33A0 /* Frameworks */ = {
			isa = PBXFrameworksBuildPhase;
			buildActionMask = 2147483647;
			files = (
				E684050224EC024A00AA33A0 /* OAuthSwift in Frameworks */,
			);
			runOnlyForDeploymentPostprocessing = 0;
		};
		E6C5703924F1B105007D37F6 /* Frameworks */ = {
			isa = PBXFrameworksBuildPhase;
			buildActionMask = 2147483647;
			files = (
			);
			runOnlyForDeploymentPostprocessing = 0;
		};
		E6C5704B24F1BBF6007D37F6 /* Frameworks */ = {
			isa = PBXFrameworksBuildPhase;
			buildActionMask = 2147483647;
			files = (
			);
			runOnlyForDeploymentPostprocessing = 0;
		};
/* End PBXFrameworksBuildPhase section */

/* Begin PBXGroup section */
		E62A83FC24F5347B00449087 /* Protocols */ = {
			isa = PBXGroup;
			children = (
				E62A83FD24F5349400449087 /* Repository.swift */,
				E62A83FF24F535EC00449087 /* IconRepository.swift */,
				E62A840424F53F8500449087 /* IconViewModel.swift */,
			);
			path = Protocols;
			sourceTree = "<group>";
		};
		E62A840124F537B800449087 /* Manager */ = {
			isa = PBXGroup;
			children = (
				E62A840224F537D300449087 /* PlistManager.swift */,
			);
			path = Manager;
			sourceTree = "<group>";
		};
		E62EA57024F21B0200A33C00 /* Fonts */ = {
			isa = PBXGroup;
			children = (
				E62EA57624F221B600A33C00 /* NewYorkLarge-Semibold.otf */,
				E62EA57324F21F4800A33C00 /* NewYorkLarge-Medium.otf */,
			);
			path = Fonts;
			sourceTree = "<group>";
		};
		E684045A24E6B65100AA33A0 = {
			isa = PBXGroup;
			children = (
				E684050624ED4F3900AA33A0 /* .swiftlint.yml */,
				E684046524E6B65100AA33A0 /* TheIcon */,
				E6C5703D24F1B105007D37F6 /* TheIconUITests */,
				E6C5704F24F1BBF6007D37F6 /* TheIconTests */,
				E684046424E6B65100AA33A0 /* Products */,
			);
			sourceTree = "<group>";
		};
		E684046424E6B65100AA33A0 /* Products */ = {
			isa = PBXGroup;
			children = (
				E684046324E6B65100AA33A0 /* TheIcon.app */,
				E6C5703C24F1B105007D37F6 /* TheIconUITests.xctest */,
				E6C5704E24F1BBF6007D37F6 /* TheIconTests.xctest */,
			);
			name = Products;
			sourceTree = "<group>";
		};
		E684046524E6B65100AA33A0 /* TheIcon */ = {
			isa = PBXGroup;
			children = (
				E62A840124F537B800449087 /* Manager */,
				E62A83FC24F5347B00449087 /* Protocols */,
				E62EA57024F21B0200A33C00 /* Fonts */,
				E684049A24E6B75B00AA33A0 /* Configurations */,
				E684049924E6B75500AA33A0 /* Extensions */,
				E684049624E6B73D00AA33A0 /* Model */,
				E68404FD24EBFCE400AA33A0 /* Service */,
				E684049824E6B74A00AA33A0 /* Controller */,
				E684049724E6B74500AA33A0 /* View */,
				E684047424E6B65300AA33A0 /* Info.plist */,
			);
			path = TheIcon;
			sourceTree = "<group>";
		};
		E684049624E6B73D00AA33A0 /* Model */ = {
			isa = PBXGroup;
			children = (
				E68404FB24EBF48600AA33A0 /* IconCollections.swift */,
				E6C5705D24F1DE9B007D37F6 /* OnBoardingStatus.swift */,
			);
			path = Model;
			sourceTree = "<group>";
		};
		E684049724E6B74500AA33A0 /* View */ = {
			isa = PBXGroup;
			children = (
				E684046F24E6B65300AA33A0 /* Assets.xcassets */,
				E68404A124E6B8DE00AA33A0 /* LaunchScreen.storyboard */,
				E68404A724E6DC1B00AA33A0 /* CollectionsCell.swift */,
				E6C5704824F1B467007D37F6 /* ListCollectionViewCell.swift */,
				E68404F224EACB5A00AA33A0 /* SearchCollectionViewCell.swift */,
				E68404F924EAD4DE00AA33A0 /* DescriptionView.swift */,
				E6C5705824F1DB4C007D37F6 /* OnBoardingView.swift */,
			);
			path = View;
			sourceTree = "<group>";
		};
		E684049824E6B74A00AA33A0 /* Controller */ = {
			isa = PBXGroup;
			children = (
				E684049B24E6B81000AA33A0 /* TabBarViewController.swift */,
				E68404A524E6D29B00AA33A0 /* Categories */,
				E68404A624E6D2BE00AA33A0 /* Collections */,
				E68404F124EAC86400AA33A0 /* Seach */,
				E68404F624EACE4400AA33A0 /* Description */,
				E6C5705C24F1DBD4007D37F6 /* OnBoarding */,
			);
			path = Controller;
			sourceTree = "<group>";
		};
		E684049924E6B75500AA33A0 /* Extensions */ = {
			isa = PBXGroup;
			children = (
				E68404A324E6CB1500AA33A0 /* UIColor.swift */,
				E68404EB24EABED500AA33A0 /* TableViewAutoLayout.swift */,
				E68404ED24EAC60E00AA33A0 /* SearchDelegate.swift */,
				E684050A24EDEB7D00AA33A0 /* ImageViewDownload.swift */,
				E684050C24EE042200AA33A0 /* AutoLayout.swift */,
				E62A840624F54D0700449087 /* UIButtonBackground.swift */,
			);
			path = Extensions;
			sourceTree = "<group>";
		};
		E684049A24E6B75B00AA33A0 /* Configurations */ = {
			isa = PBXGroup;
			children = (
				E684046624E6B65100AA33A0 /* AppDelegate.swift */,
				E684046824E6B65100AA33A0 /* SceneDelegate.swift */,
			);
			path = Configurations;
			sourceTree = "<group>";
		};
		E68404A524E6D29B00AA33A0 /* Categories */ = {
			isa = PBXGroup;
			children = (
				E684049F24E6B84000AA33A0 /* CategoriesViewController.swift */,
				E68404E924EAABE100AA33A0 /* CategoriesTableViewCell.swift */,
			);
			path = Categories;
			sourceTree = "<group>";
		};
		E68404A624E6D2BE00AA33A0 /* Collections */ = {
			isa = PBXGroup;
			children = (
				E684049D24E6B82500AA33A0 /* CollectionsViewController.swift */,
				E6C5704624F1B36C007D37F6 /* ListOfIconsViewController.swift */,
			);
			path = Collections;
			sourceTree = "<group>";
		};
		E68404F124EAC86400AA33A0 /* Seach */ = {
			isa = PBXGroup;
			children = (
				E68404EF24EAC85B00AA33A0 /* SearchCollectionViewController.swift */,
			);
			path = Seach;
			sourceTree = "<group>";
		};
		E68404F624EACE4400AA33A0 /* Description */ = {
			isa = PBXGroup;
			children = (
				E68404F424EACD5100AA33A0 /* DescriptionViewController.swift */,
			);
			path = Description;
			sourceTree = "<group>";
		};
		E68404FD24EBFCE400AA33A0 /* Service */ = {
			isa = PBXGroup;
			children = (
				E68404FE24EBFE4F00AA33A0 /* Router.swift */,
				E684050824ED6C5C00AA33A0 /* Service.swift */,
			);
			path = Service;
			sourceTree = "<group>";
		};
		E6C5703D24F1B105007D37F6 /* TheIconUITests */ = {
			isa = PBXGroup;
			children = (
				E6C5703E24F1B105007D37F6 /* TheIconUITests.swift */,
				E6C5704024F1B105007D37F6 /* Info.plist */,
			);
			path = TheIconUITests;
			sourceTree = "<group>";
		};
		E6C5704F24F1BBF6007D37F6 /* TheIconTests */ = {
			isa = PBXGroup;
			children = (
				E6C5705024F1BBF6007D37F6 /* TheIconTests.swift */,
				E6C5705224F1BBF6007D37F6 /* Info.plist */,
				E62A83FA24F3DBCA00449087 /* RouteTests.swift */,
			);
			path = TheIconTests;
			sourceTree = "<group>";
		};
		E6C5705C24F1DBD4007D37F6 /* OnBoarding */ = {
			isa = PBXGroup;
			children = (
				E6C5705A24F1DB95007D37F6 /* OnBoardingViewController.swift */,
			);
			path = OnBoarding;
			sourceTree = "<group>";
		};
/* End PBXGroup section */

/* Begin PBXNativeTarget section */
		E684046224E6B65100AA33A0 /* TheIcon */ = {
			isa = PBXNativeTarget;
			buildConfigurationList = E684048D24E6B65300AA33A0 /* Build configuration list for PBXNativeTarget "TheIcon" */;
			buildPhases = (
				E684045F24E6B65100AA33A0 /* Sources */,
				E684046024E6B65100AA33A0 /* Frameworks */,
				E684046124E6B65100AA33A0 /* Resources */,
				E684050524ED4E9600AA33A0 /* ShellScript */,
			);
			buildRules = (
			);
			dependencies = (
			);
			name = TheIcon;
			packageProductDependencies = (
				E684050124EC024A00AA33A0 /* OAuthSwift */,
			);
			productName = IconApp;
			productReference = E684046324E6B65100AA33A0 /* TheIcon.app */;
			productType = "com.apple.product-type.application";
		};
		E6C5703B24F1B105007D37F6 /* TheIconUITests */ = {
			isa = PBXNativeTarget;
			buildConfigurationList = E6C5704324F1B105007D37F6 /* Build configuration list for PBXNativeTarget "TheIconUITests" */;
			buildPhases = (
				E6C5703824F1B105007D37F6 /* Sources */,
				E6C5703924F1B105007D37F6 /* Frameworks */,
				E6C5703A24F1B105007D37F6 /* Resources */,
			);
			buildRules = (
			);
			dependencies = (
				E6C5704224F1B105007D37F6 /* PBXTargetDependency */,
			);
			name = TheIconUITests;
			productName = TheIconUITests;
			productReference = E6C5703C24F1B105007D37F6 /* TheIconUITests.xctest */;
			productType = "com.apple.product-type.bundle.ui-testing";
		};
		E6C5704D24F1BBF6007D37F6 /* TheIconTests */ = {
			isa = PBXNativeTarget;
			buildConfigurationList = E6C5705524F1BBF7007D37F6 /* Build configuration list for PBXNativeTarget "TheIconTests" */;
			buildPhases = (
				E6C5704A24F1BBF6007D37F6 /* Sources */,
				E6C5704B24F1BBF6007D37F6 /* Frameworks */,
				E6C5704C24F1BBF6007D37F6 /* Resources */,
			);
			buildRules = (
			);
			dependencies = (
				E6C5705424F1BBF6007D37F6 /* PBXTargetDependency */,
			);
			name = TheIconTests;
			productName = TheIconTests;
			productReference = E6C5704E24F1BBF6007D37F6 /* TheIconTests.xctest */;
			productType = "com.apple.product-type.bundle.unit-test";
		};
/* End PBXNativeTarget section */

/* Begin PBXProject section */
		E684045B24E6B65100AA33A0 /* Project object */ = {
			isa = PBXProject;
			attributes = {
				LastSwiftUpdateCheck = 1150;
				LastUpgradeCheck = 1150;
				ORGANIZATIONNAME = "Brena Amorim";
				TargetAttributes = {
					E684046224E6B65100AA33A0 = {
						CreatedOnToolsVersion = 11.5;
					};
					E6C5703B24F1B105007D37F6 = {
						CreatedOnToolsVersion = 11.5;
						TestTargetID = E684046224E6B65100AA33A0;
					};
					E6C5704D24F1BBF6007D37F6 = {
						CreatedOnToolsVersion = 11.5;
						TestTargetID = E684046224E6B65100AA33A0;
					};
				};
			};
			buildConfigurationList = E684045E24E6B65100AA33A0 /* Build configuration list for PBXProject "TheIcon" */;
			compatibilityVersion = "Xcode 9.3";
			developmentRegion = en;
			hasScannedForEncodings = 0;
			knownRegions = (
				en,
				Base,
			);
			mainGroup = E684045A24E6B65100AA33A0;
			packageReferences = (
				E684050024EC024A00AA33A0 /* XCRemoteSwiftPackageReference "OAuthSwift" */,
			);
			productRefGroup = E684046424E6B65100AA33A0 /* Products */;
			projectDirPath = "";
			projectRoot = "";
			targets = (
				E684046224E6B65100AA33A0 /* TheIcon */,
				E6C5703B24F1B105007D37F6 /* TheIconUITests */,
				E6C5704D24F1BBF6007D37F6 /* TheIconTests */,
			);
		};
/* End PBXProject section */

/* Begin PBXResourcesBuildPhase section */
		E684046124E6B65100AA33A0 /* Resources */ = {
			isa = PBXResourcesBuildPhase;
			buildActionMask = 2147483647;
			files = (
				E62EA57424F21F4800A33C00 /* NewYorkLarge-Medium.otf in Resources */,
				E684050724ED4F3900AA33A0 /* .swiftlint.yml in Resources */,
				E62EA57724F221B600A33C00 /* NewYorkLarge-Semibold.otf in Resources */,
				E684047024E6B65300AA33A0 /* Assets.xcassets in Resources */,
				E68404A224E6B8DE00AA33A0 /* LaunchScreen.storyboard in Resources */,
			);
			runOnlyForDeploymentPostprocessing = 0;
		};
		E6C5703A24F1B105007D37F6 /* Resources */ = {
			isa = PBXResourcesBuildPhase;
			buildActionMask = 2147483647;
			files = (
			);
			runOnlyForDeploymentPostprocessing = 0;
		};
		E6C5704C24F1BBF6007D37F6 /* Resources */ = {
			isa = PBXResourcesBuildPhase;
			buildActionMask = 2147483647;
			files = (
			);
			runOnlyForDeploymentPostprocessing = 0;
		};
/* End PBXResourcesBuildPhase section */

/* Begin PBXShellScriptBuildPhase section */
		E684050524ED4E9600AA33A0 /* ShellScript */ = {
			isa = PBXShellScriptBuildPhase;
			buildActionMask = 2147483647;
			files = (
			);
			inputFileListPaths = (
			);
			inputPaths = (
			);
			outputFileListPaths = (
			);
			outputPaths = (
			);
			runOnlyForDeploymentPostprocessing = 0;
			shellPath = /bin/sh;
			shellScript = "if which swiftlint >/dev/null; then\n  swiftlint\nelse\n  echo \"warning: SwiftLint not installed, download from https://github.com/realm/SwiftLint\"\nfi\n";
		};
/* End PBXShellScriptBuildPhase section */

/* Begin PBXSourcesBuildPhase section */
		E684045F24E6B65100AA33A0 /* Sources */ = {
			isa = PBXSourcesBuildPhase;
			buildActionMask = 2147483647;
			files = (
				E684050B24EDEB7D00AA33A0 /* ImageViewDownload.swift in Sources */,
				E68404A024E6B84000AA33A0 /* CategoriesViewController.swift in Sources */,
				E68404F024EAC85B00AA33A0 /* SearchCollectionViewController.swift in Sources */,
				E62A840724F54D0700449087 /* UIButtonBackground.swift in Sources */,
				E68404F524EACD5100AA33A0 /* DescriptionViewController.swift in Sources */,
				E6C5705B24F1DB95007D37F6 /* OnBoardingViewController.swift in Sources */,
				E68404F324EACB5A00AA33A0 /* SearchCollectionViewCell.swift in Sources */,
				E6C5705924F1DB4C007D37F6 /* OnBoardingView.swift in Sources */,
				E62A840524F53F8500449087 /* IconViewModel.swift in Sources */,
				E62A83FE24F5349400449087 /* Repository.swift in Sources */,
				E68404EA24EAABE100AA33A0 /* CategoriesTableViewCell.swift in Sources */,
				E6C5705E24F1DE9B007D37F6 /* OnBoardingStatus.swift in Sources */,
				E684050924ED6C5C00AA33A0 /* Service.swift in Sources */,
				E6C5704924F1B467007D37F6 /* ListCollectionViewCell.swift in Sources */,
				E68404EE24EAC60E00AA33A0 /* SearchDelegate.swift in Sources */,
				E68404A424E6CB1500AA33A0 /* UIColor.swift in Sources */,
				E684049E24E6B82500AA33A0 /* CollectionsViewController.swift in Sources */,
				E684050D24EE042200AA33A0 /* AutoLayout.swift in Sources */,
				E68404FC24EBF48600AA33A0 /* IconCollections.swift in Sources */,
				E68404FF24EBFE4F00AA33A0 /* Router.swift in Sources */,
				E68404FA24EAD4DE00AA33A0 /* DescriptionView.swift in Sources */,
				E6C5704724F1B36C007D37F6 /* ListOfIconsViewController.swift in Sources */,
				E68404A824E6DC1B00AA33A0 /* CollectionsCell.swift in Sources */,
				E62A840324F537D300449087 /* PlistManager.swift in Sources */,
				E684046724E6B65100AA33A0 /* AppDelegate.swift in Sources */,
				E684049C24E6B81000AA33A0 /* TabBarViewController.swift in Sources */,
				E684046924E6B65100AA33A0 /* SceneDelegate.swift in Sources */,
				E62A840024F535EC00449087 /* IconRepository.swift in Sources */,
				E68404EC24EABED500AA33A0 /* TableViewAutoLayout.swift in Sources */,
			);
			runOnlyForDeploymentPostprocessing = 0;
		};
		E6C5703824F1B105007D37F6 /* Sources */ = {
			isa = PBXSourcesBuildPhase;
			buildActionMask = 2147483647;
			files = (
				E6C5703F24F1B105007D37F6 /* TheIconUITests.swift in Sources */,
			);
			runOnlyForDeploymentPostprocessing = 0;
		};
		E6C5704A24F1BBF6007D37F6 /* Sources */ = {
			isa = PBXSourcesBuildPhase;
			buildActionMask = 2147483647;
			files = (
				E6C5705124F1BBF6007D37F6 /* TheIconTests.swift in Sources */,
				E62A83FB24F3DBCA00449087 /* RouteTests.swift in Sources */,
			);
			runOnlyForDeploymentPostprocessing = 0;
		};
/* End PBXSourcesBuildPhase section */

/* Begin PBXTargetDependency section */
		E6C5704224F1B105007D37F6 /* PBXTargetDependency */ = {
			isa = PBXTargetDependency;
			target = E684046224E6B65100AA33A0 /* TheIcon */;
			targetProxy = E6C5704124F1B105007D37F6 /* PBXContainerItemProxy */;
		};
		E6C5705424F1BBF6007D37F6 /* PBXTargetDependency */ = {
			isa = PBXTargetDependency;
			target = E684046224E6B65100AA33A0 /* TheIcon */;
			targetProxy = E6C5705324F1BBF6007D37F6 /* PBXContainerItemProxy */;
		};
/* End PBXTargetDependency section */

/* Begin XCBuildConfiguration section */
		E684048B24E6B65300AA33A0 /* Debug */ = {
			isa = XCBuildConfiguration;
			buildSettings = {
				ALWAYS_SEARCH_USER_PATHS = NO;
				CLANG_ANALYZER_NONNULL = YES;
				CLANG_ANALYZER_NUMBER_OBJECT_CONVERSION = YES_AGGRESSIVE;
				CLANG_CXX_LANGUAGE_STANDARD = "gnu++14";
				CLANG_CXX_LIBRARY = "libc++";
				CLANG_ENABLE_MODULES = YES;
				CLANG_ENABLE_OBJC_ARC = YES;
				CLANG_ENABLE_OBJC_WEAK = YES;
				CLANG_WARN_BLOCK_CAPTURE_AUTORELEASING = YES;
				CLANG_WARN_BOOL_CONVERSION = YES;
				CLANG_WARN_COMMA = YES;
				CLANG_WARN_CONSTANT_CONVERSION = YES;
				CLANG_WARN_DEPRECATED_OBJC_IMPLEMENTATIONS = YES;
				CLANG_WARN_DIRECT_OBJC_ISA_USAGE = YES_ERROR;
				CLANG_WARN_DOCUMENTATION_COMMENTS = YES;
				CLANG_WARN_EMPTY_BODY = YES;
				CLANG_WARN_ENUM_CONVERSION = YES;
				CLANG_WARN_INFINITE_RECURSION = YES;
				CLANG_WARN_INT_CONVERSION = YES;
				CLANG_WARN_NON_LITERAL_NULL_CONVERSION = YES;
				CLANG_WARN_OBJC_IMPLICIT_RETAIN_SELF = YES;
				CLANG_WARN_OBJC_LITERAL_CONVERSION = YES;
				CLANG_WARN_OBJC_ROOT_CLASS = YES_ERROR;
				CLANG_WARN_RANGE_LOOP_ANALYSIS = YES;
				CLANG_WARN_STRICT_PROTOTYPES = YES;
				CLANG_WARN_SUSPICIOUS_MOVE = YES;
				CLANG_WARN_UNGUARDED_AVAILABILITY = YES_AGGRESSIVE;
				CLANG_WARN_UNREACHABLE_CODE = YES;
				CLANG_WARN__DUPLICATE_METHOD_MATCH = YES;
				COPY_PHASE_STRIP = NO;
				DEBUG_INFORMATION_FORMAT = dwarf;
				ENABLE_STRICT_OBJC_MSGSEND = YES;
				ENABLE_TESTABILITY = YES;
				GCC_C_LANGUAGE_STANDARD = gnu11;
				GCC_DYNAMIC_NO_PIC = NO;
				GCC_NO_COMMON_BLOCKS = YES;
				GCC_OPTIMIZATION_LEVEL = 0;
				GCC_PREPROCESSOR_DEFINITIONS = (
					"DEBUG=1",
					"$(inherited)",
				);
				GCC_WARN_64_TO_32_BIT_CONVERSION = YES;
				GCC_WARN_ABOUT_RETURN_TYPE = YES_ERROR;
				GCC_WARN_UNDECLARED_SELECTOR = YES;
				GCC_WARN_UNINITIALIZED_AUTOS = YES_AGGRESSIVE;
				GCC_WARN_UNUSED_FUNCTION = YES;
				GCC_WARN_UNUSED_VARIABLE = YES;
				IPHONEOS_DEPLOYMENT_TARGET = 13.5;
				MTL_ENABLE_DEBUG_INFO = INCLUDE_SOURCE;
				MTL_FAST_MATH = YES;
				ONLY_ACTIVE_ARCH = YES;
				SDKROOT = iphoneos;
				SWIFT_ACTIVE_COMPILATION_CONDITIONS = DEBUG;
				SWIFT_OPTIMIZATION_LEVEL = "-Onone";
			};
			name = Debug;
		};
		E684048C24E6B65300AA33A0 /* Release */ = {
			isa = XCBuildConfiguration;
			buildSettings = {
				ALWAYS_SEARCH_USER_PATHS = NO;
				CLANG_ANALYZER_NONNULL = YES;
				CLANG_ANALYZER_NUMBER_OBJECT_CONVERSION = YES_AGGRESSIVE;
				CLANG_CXX_LANGUAGE_STANDARD = "gnu++14";
				CLANG_CXX_LIBRARY = "libc++";
				CLANG_ENABLE_MODULES = YES;
				CLANG_ENABLE_OBJC_ARC = YES;
				CLANG_ENABLE_OBJC_WEAK = YES;
				CLANG_WARN_BLOCK_CAPTURE_AUTORELEASING = YES;
				CLANG_WARN_BOOL_CONVERSION = YES;
				CLANG_WARN_COMMA = YES;
				CLANG_WARN_CONSTANT_CONVERSION = YES;
				CLANG_WARN_DEPRECATED_OBJC_IMPLEMENTATIONS = YES;
				CLANG_WARN_DIRECT_OBJC_ISA_USAGE = YES_ERROR;
				CLANG_WARN_DOCUMENTATION_COMMENTS = YES;
				CLANG_WARN_EMPTY_BODY = YES;
				CLANG_WARN_ENUM_CONVERSION = YES;
				CLANG_WARN_INFINITE_RECURSION = YES;
				CLANG_WARN_INT_CONVERSION = YES;
				CLANG_WARN_NON_LITERAL_NULL_CONVERSION = YES;
				CLANG_WARN_OBJC_IMPLICIT_RETAIN_SELF = YES;
				CLANG_WARN_OBJC_LITERAL_CONVERSION = YES;
				CLANG_WARN_OBJC_ROOT_CLASS = YES_ERROR;
				CLANG_WARN_RANGE_LOOP_ANALYSIS = YES;
				CLANG_WARN_STRICT_PROTOTYPES = YES;
				CLANG_WARN_SUSPICIOUS_MOVE = YES;
				CLANG_WARN_UNGUARDED_AVAILABILITY = YES_AGGRESSIVE;
				CLANG_WARN_UNREACHABLE_CODE = YES;
				CLANG_WARN__DUPLICATE_METHOD_MATCH = YES;
				COPY_PHASE_STRIP = NO;
				DEBUG_INFORMATION_FORMAT = "dwarf-with-dsym";
				ENABLE_NS_ASSERTIONS = NO;
				ENABLE_STRICT_OBJC_MSGSEND = YES;
				GCC_C_LANGUAGE_STANDARD = gnu11;
				GCC_NO_COMMON_BLOCKS = YES;
				GCC_WARN_64_TO_32_BIT_CONVERSION = YES;
				GCC_WARN_ABOUT_RETURN_TYPE = YES_ERROR;
				GCC_WARN_UNDECLARED_SELECTOR = YES;
				GCC_WARN_UNINITIALIZED_AUTOS = YES_AGGRESSIVE;
				GCC_WARN_UNUSED_FUNCTION = YES;
				GCC_WARN_UNUSED_VARIABLE = YES;
				IPHONEOS_DEPLOYMENT_TARGET = 13.5;
				MTL_ENABLE_DEBUG_INFO = NO;
				MTL_FAST_MATH = YES;
				SDKROOT = iphoneos;
				SWIFT_COMPILATION_MODE = wholemodule;
				SWIFT_OPTIMIZATION_LEVEL = "-O";
				VALIDATE_PRODUCT = YES;
			};
			name = Release;
		};
		E684048E24E6B65300AA33A0 /* Debug */ = {
			isa = XCBuildConfiguration;
			buildSettings = {
				ASSETCATALOG_COMPILER_APPICON_NAME = TheIcon;
				CODE_SIGN_STYLE = Automatic;
				DEVELOPMENT_TEAM = QQK85Y8S7P;
				INFOPLIST_FILE = TheIcon/Info.plist;
				LD_RUNPATH_SEARCH_PATHS = (
					"$(inherited)",
					"@executable_path/Frameworks",
				);
				PRODUCT_BUNDLE_IDENTIFIER = brenaamorim.TheIcon;
				PRODUCT_NAME = "$(TARGET_NAME)";
				SWIFT_VERSION = 5.0;
				TARGETED_DEVICE_FAMILY = 1;
			};
			name = Debug;
		};
		E684048F24E6B65300AA33A0 /* Release */ = {
			isa = XCBuildConfiguration;
			buildSettings = {
				ASSETCATALOG_COMPILER_APPICON_NAME = TheIcon;
				CODE_SIGN_STYLE = Automatic;
				DEVELOPMENT_TEAM = QQK85Y8S7P;
				INFOPLIST_FILE = TheIcon/Info.plist;
				LD_RUNPATH_SEARCH_PATHS = (
					"$(inherited)",
					"@executable_path/Frameworks",
				);
				PRODUCT_BUNDLE_IDENTIFIER = brenaamorim.TheIcon;
				PRODUCT_NAME = "$(TARGET_NAME)";
				SWIFT_VERSION = 5.0;
				TARGETED_DEVICE_FAMILY = 1;
			};
			name = Release;
		};
		E6C5704424F1B105007D37F6 /* Debug */ = {
			isa = XCBuildConfiguration;
			buildSettings = {
				"CODE_SIGN_IDENTITY[sdk=macosx*]" = "-";
				CODE_SIGN_STYLE = Automatic;
				DEVELOPMENT_TEAM = QQK85Y8S7P;
				INFOPLIST_FILE = TheIconUITests/Info.plist;
				LD_RUNPATH_SEARCH_PATHS = (
					"$(inherited)",
					"@executable_path/Frameworks",
					"@loader_path/Frameworks",
				);
				PRODUCT_BUNDLE_IDENTIFIER = brenaamorim.TheIconUITests;
				PRODUCT_NAME = "$(TARGET_NAME)";
				SWIFT_VERSION = 5.0;
				TARGETED_DEVICE_FAMILY = "1,2";
				TEST_TARGET_NAME = TheIcon;
			};
			name = Debug;
		};
		E6C5704524F1B105007D37F6 /* Release */ = {
			isa = XCBuildConfiguration;
			buildSettings = {
				"CODE_SIGN_IDENTITY[sdk=macosx*]" = "-";
				CODE_SIGN_STYLE = Automatic;
				DEVELOPMENT_TEAM = QQK85Y8S7P;
				INFOPLIST_FILE = TheIconUITests/Info.plist;
				LD_RUNPATH_SEARCH_PATHS = (
					"$(inherited)",
					"@executable_path/Frameworks",
					"@loader_path/Frameworks",
				);
				PRODUCT_BUNDLE_IDENTIFIER = brenaamorim.TheIconUITests;
				PRODUCT_NAME = "$(TARGET_NAME)";
				SWIFT_VERSION = 5.0;
				TARGETED_DEVICE_FAMILY = "1,2";
				TEST_TARGET_NAME = TheIcon;
			};
			name = Release;
		};
		E6C5705624F1BBF7007D37F6 /* Debug */ = {
			isa = XCBuildConfiguration;
			buildSettings = {
				BUNDLE_LOADER = "$(TEST_HOST)";
				CODE_SIGN_STYLE = Automatic;
				DEVELOPMENT_TEAM = QQK85Y8S7P;
				INFOPLIST_FILE = TheIconTests/Info.plist;
				LD_RUNPATH_SEARCH_PATHS = (
					"$(inherited)",
					"@executable_path/Frameworks",
					"@loader_path/Frameworks",
				);
				PRODUCT_BUNDLE_IDENTIFIER = brenaamorim.TheIconTests;
				PRODUCT_NAME = "$(TARGET_NAME)";
				SWIFT_VERSION = 5.0;
				TARGETED_DEVICE_FAMILY = "1,2";
				TEST_HOST = "$(BUILT_PRODUCTS_DIR)/TheIcon.app/TheIcon";
			};
			name = Debug;
		};
		E6C5705724F1BBF7007D37F6 /* Release */ = {
			isa = XCBuildConfiguration;
			buildSettings = {
				BUNDLE_LOADER = "$(TEST_HOST)";
				CODE_SIGN_STYLE = Automatic;
				DEVELOPMENT_TEAM = QQK85Y8S7P;
				INFOPLIST_FILE = TheIconTests/Info.plist;
				LD_RUNPATH_SEARCH_PATHS = (
					"$(inherited)",
					"@executable_path/Frameworks",
					"@loader_path/Frameworks",
				);
				PRODUCT_BUNDLE_IDENTIFIER = brenaamorim.TheIconTests;
				PRODUCT_NAME = "$(TARGET_NAME)";
				SWIFT_VERSION = 5.0;
				TARGETED_DEVICE_FAMILY = "1,2";
				TEST_HOST = "$(BUILT_PRODUCTS_DIR)/TheIcon.app/TheIcon";
			};
			name = Release;
		};
/* End XCBuildConfiguration section */

/* Begin XCConfigurationList section */
		E684045E24E6B65100AA33A0 /* Build configuration list for PBXProject "TheIcon" */ = {
			isa = XCConfigurationList;
			buildConfigurations = (
				E684048B24E6B65300AA33A0 /* Debug */,
				E684048C24E6B65300AA33A0 /* Release */,
			);
			defaultConfigurationIsVisible = 0;
			defaultConfigurationName = Release;
		};
		E684048D24E6B65300AA33A0 /* Build configuration list for PBXNativeTarget "TheIcon" */ = {
			isa = XCConfigurationList;
			buildConfigurations = (
				E684048E24E6B65300AA33A0 /* Debug */,
				E684048F24E6B65300AA33A0 /* Release */,
			);
			defaultConfigurationIsVisible = 0;
			defaultConfigurationName = Release;
		};
		E6C5704324F1B105007D37F6 /* Build configuration list for PBXNativeTarget "TheIconUITests" */ = {
			isa = XCConfigurationList;
			buildConfigurations = (
				E6C5704424F1B105007D37F6 /* Debug */,
				E6C5704524F1B105007D37F6 /* Release */,
			);
			defaultConfigurationIsVisible = 0;
			defaultConfigurationName = Release;
		};
		E6C5705524F1BBF7007D37F6 /* Build configuration list for PBXNativeTarget "TheIconTests" */ = {
			isa = XCConfigurationList;
			buildConfigurations = (
				E6C5705624F1BBF7007D37F6 /* Debug */,
				E6C5705724F1BBF7007D37F6 /* Release */,
			);
			defaultConfigurationIsVisible = 0;
			defaultConfigurationName = Release;
		};
/* End XCConfigurationList section */

/* Begin XCRemoteSwiftPackageReference section */
		E684050024EC024A00AA33A0 /* XCRemoteSwiftPackageReference "OAuthSwift" */ = {
			isa = XCRemoteSwiftPackageReference;
			repositoryURL = "https://github.com/OAuthSwift/OAuthSwift.git";
			requirement = {
				kind = upToNextMajorVersion;
				minimumVersion = 2.1.0;
			};
		};
/* End XCRemoteSwiftPackageReference section */

/* Begin XCSwiftPackageProductDependency section */
		E684050124EC024A00AA33A0 /* OAuthSwift */ = {
			isa = XCSwiftPackageProductDependency;
			package = E684050024EC024A00AA33A0 /* XCRemoteSwiftPackageReference "OAuthSwift" */;
			productName = OAuthSwift;
		};
/* End XCSwiftPackageProductDependency section */
	};
	rootObject = E684045B24E6B65100AA33A0 /* Project object */;
}
